{
  "name": "nodebb-plugin-shoutbox",
  "version": "0.3.5",
  "lockfileVersion": 1,
  "requires": true,
  "dependencies": {
    "string": {
      "version": "3.3.3",
      "resolved": "https://registry.npmjs.org/string/-/string-3.3.3.tgz",
      "integrity": "sha1-XqIRzZLSKOGEKUmQpsyXs2anfLA="
    },
    "striptags": {
      "version": "3.1.1",
      "resolved": "https://registry.npmjs.org/striptags/-/striptags-3.1.1.tgz",
      "integrity": "sha1-yMPn/db7S7OjKjt1LltePjgJPr0="
    }
  }
}
